
Microsoft Visual Studio Solution File, Format Version 12.00
# Visual Studio Version 16
VisualStudioVersion = 25.0.1703.0
MinimumVisualStudioVersion = 10.0.40219.1
Project("{FAE04EC0-301F-11D3-BF4B-00C04F79EFBC}") = "Course_project_oop", "Course_project_oop\Course_project_oop.csproj", "{EBBA1DE5-F3E7-4C6F-9410-C7CC5D10FE4B}"
EndProject
Project("{2150E333-8FDC-42A3-9474-1A3956D46DE8}") = "Solution Items", "Solution Items", "{EAB1F937-715F-4860-BEED-F553B6EF41D4}"
	ProjectSection(SolutionItems) = preProject
		test.cs = test.cs
		test.exe = test.exe
	EndProjectSection
EndProject
Global
	GlobalSection(SolutionConfigurationPlatforms) = preSolution
		Debug|Any CPU = Debug|Any CPU
		Release|Any CPU = Release|Any CPU
	EndGlobalSection
	GlobalSection(ProjectConfigurationPlatforms) = postSolution
		{EBBA1DE5-F3E7-4C6F-9410-C7CC5D10FE4B}.Debug|Any CPU.ActiveCfg = Debug|Any CPU
		{EBBA1DE5-F3E7-4C6F-9410-C7CC5D10FE4B}.Debug|Any CPU.Build.0 = Debug|Any CPU
		{EBBA1DE5-F3E7-4C6F-9410-C7CC5D10FE4B}.Release|Any CPU.ActiveCfg = Release|Any CPU
		{EBBA1DE5-F3E7-4C6F-9410-C7CC5D10FE4B}.Release|Any CPU.Build.0 = Release|Any CPU
	EndGlobalSection
	GlobalSection(SolutionProperties) = preSolution
		HideSolutionNode = FALSE
	EndGlobalSection
	GlobalSection(ExtensibilityGlobals) = postSolution
		SolutionGuid = {3B6B5E42-A8A0-4AB3-B783-534BFC12370B}
	EndGlobalSection
EndGlobal
